
Microsoft Visual Studio Solution File, Format Version 12.00
# Visual Studio Version 17
VisualStudioVersion = 17.14.36414.22 d17.14
MinimumVisualStudioVersion = 10.0.40219.1
Project("{FAE04EC0-301F-11D3-BF4B-00C04F79EFBC}") = "AppExercicio2ContaCorrente", "AppExercicio2ContaCorrente\AppExercicio2ContaCorrente.csproj", "{341C7D40-3A91-4611-BF0A-EE50A444F8DD}"
EndProject
Global
	GlobalSection(SolutionConfigurationPlatforms) = preSolution
		Debug|Any CPU = Debug|Any CPU
		Release|Any CPU = Release|Any CPU
	EndGlobalSection
	GlobalSection(ProjectConfigurationPlatforms) = postSolution
		{341C7D40-3A91-4611-BF0A-EE50A444F8DD}.Debug|Any CPU.ActiveCfg = Debug|Any CPU
		{341C7D40-3A91-4611-BF0A-EE50A444F8DD}.Debug|Any CPU.Build.0 = Debug|Any CPU
		{341C7D40-3A91-4611-BF0A-EE50A444F8DD}.Release|Any CPU.ActiveCfg = Release|Any CPU
		{341C7D40-3A91-4611-BF0A-EE50A444F8DD}.Release|Any CPU.Build.0 = Release|Any CPU
	EndGlobalSection
	GlobalSection(SolutionProperties) = preSolution
		HideSolutionNode = FALSE
	EndGlobalSection
	GlobalSection(ExtensibilityGlobals) = postSolution
		SolutionGuid = {01B4EC61-5789-4BD3-B2C5-944CB9AFB765}
	EndGlobalSection
EndGlobal
